{
  "version": 4,
  "terraform_version": "1.1.6",
  "serial": 16,
  "lineage": "c50aaf21-5681-1b4f-f31b-fa3a962da037",
  "outputs": {},
  "resources": [
    {
      "mode": "managed",
      "type": "azurerm_resource_group",
      "name": "gurpreet_rg",
      "provider": "provider[\"registry.terraform.io/hashicorp/azurerm\"]",
      "instances": [
        {
          "schema_version": 0,
          "attributes": {
            "id": "/subscriptions/726da2c2-c9f6-4895-9ae7-5be42c6e0bc6/resourceGroups/gurpreet_rg",
            "location": "centralindia",
            "name": "gurpreet_rg",
            "tags": {},
            "timeouts": null
          },
          "sensitive_attributes": [],
          "private": "eyJlMmJmYjczMC1lY2FhLTExZTYtOGY4OC0zNDM2M2JjN2M0YzAiOnsiY3JlYXRlIjo1NDAwMDAwMDAwMDAwLCJkZWxldGUiOjU0MDAwMDAwMDAwMDAsInJlYWQiOjMwMDAwMDAwMDAwMCwidXBkYXRlIjo1NDAwMDAwMDAwMDAwfX0="
        }
      ]
    },
    {
      "module": "module.backend",
      "mode": "managed",
      "type": "azurerm_storage_account",
      "name": "preetbackendsac",
      "provider": "provider[\"registry.terraform.io/hashicorp/azurerm\"]",
      "instances": [
        {
          "schema_version": 2,
          "attributes": {
            "access_tier": "Hot",
            "account_kind": "StorageV2",
            "account_replication_type": "GRS",
            "account_tier": "Standard",
            "allow_blob_public_access": false,
            "azure_files_authentication": [],
            "blob_properties": [
              {
                "change_feed_enabled": false,
                "container_delete_retention_policy": [],
                "cors_rule": [],
                "default_service_version": "",
                "delete_retention_policy": [],
                "last_access_time_enabled": false,
                "versioning_enabled": false
              }
            ],
            "custom_domain": [],
            "customer_managed_key": [],
            "enable_https_traffic_only": true,
            "id": "/subscriptions/726da2c2-c9f6-4895-9ae7-5be42c6e0bc6/resourceGroups/gurpreet_rg/providers/Microsoft.Storage/storageAccounts/gurpreet",
            "identity": [],
            "infrastructure_encryption_enabled": false,
            "is_hns_enabled": false,
            "large_file_share_enabled": null,
            "location": "centralindia",
            "min_tls_version": "TLS1_0",
            "name": "gurpreet",
            "network_rules": [
              {
                "bypass": [
                  "AzureServices"
                ],
                "default_action": "Allow",
                "ip_rules": [],
                "private_link_access": [],
                "virtual_network_subnet_ids": []
              }
            ],
            "nfsv3_enabled": false,
            "primary_access_key": "P1Z8oWyHQDEwPLhKffrtzbvPXtMXn+EpncTCVduMI0/l89iL9NsJzLBpDJ98Wr1Mx0ebig/ERpSmcFTKEiAF/w==",
            "primary_blob_connection_string": "DefaultEndpointsProtocol=https;BlobEndpoint=https://gurpreet.blob.core.windows.net/;AccountName=gurpreet;AccountKey=P1Z8oWyHQDEwPLhKffrtzbvPXtMXn+EpncTCVduMI0/l89iL9NsJzLBpDJ98Wr1Mx0ebig/ERpSmcFTKEiAF/w==",
            "primary_blob_endpoint": "https://gurpreet.blob.core.windows.net/",
            "primary_blob_host": "gurpreet.blob.core.windows.net",
            "primary_connection_string": "DefaultEndpointsProtocol=https;AccountName=gurpreet;AccountKey=P1Z8oWyHQDEwPLhKffrtzbvPXtMXn+EpncTCVduMI0/l89iL9NsJzLBpDJ98Wr1Mx0ebig/ERpSmcFTKEiAF/w==;EndpointSuffix=core.windows.net",
            "primary_dfs_endpoint": "https://gurpreet.dfs.core.windows.net/",
            "primary_dfs_host": "gurpreet.dfs.core.windows.net",
            "primary_file_endpoint": "https://gurpreet.file.core.windows.net/",
            "primary_file_host": "gurpreet.file.core.windows.net",
            "primary_location": "centralindia",
            "primary_queue_endpoint": "https://gurpreet.queue.core.windows.net/",
            "primary_queue_host": "gurpreet.queue.core.windows.net",
            "primary_table_endpoint": "https://gurpreet.table.core.windows.net/",
            "primary_table_host": "gurpreet.table.core.windows.net",
            "primary_web_endpoint": "https://gurpreet.z29.web.core.windows.net/",
            "primary_web_host": "gurpreet.z29.web.core.windows.net",
            "queue_encryption_key_type": "Service",
            "queue_properties": [
              {
                "cors_rule": [],
                "hour_metrics": [
                  {
                    "enabled": true,
                    "include_apis": true,
                    "retention_policy_days": 7,
                    "version": "1.0"
                  }
                ],
                "logging": [
                  {
                    "delete": false,
                    "read": false,
                    "retention_policy_days": 0,
                    "version": "1.0",
                    "write": false
                  }
                ],
                "minute_metrics": [
                  {
                    "enabled": false,
                    "include_apis": false,
                    "retention_policy_days": 0,
                    "version": "1.0"
                  }
                ]
              }
            ],
            "resource_group_name": "gurpreet_rg",
            "routing": [],
            "secondary_access_key": "d2/MMu/0YrqGGoCrqzXfl/2jjhjpnE2PLKBujQD6Vqw8CalRmvHE30ehs8vaUi1YGlALLxUHnLMyk+4FOLh4ww==",
            "secondary_blob_connection_string": "",
            "secondary_blob_endpoint": null,
            "secondary_blob_host": null,
            "secondary_connection_string": "DefaultEndpointsProtocol=https;AccountName=gurpreet;AccountKey=d2/MMu/0YrqGGoCrqzXfl/2jjhjpnE2PLKBujQD6Vqw8CalRmvHE30ehs8vaUi1YGlALLxUHnLMyk+4FOLh4ww==;EndpointSuffix=core.windows.net",
            "secondary_dfs_endpoint": null,
            "secondary_dfs_host": null,
            "secondary_file_endpoint": null,
            "secondary_file_host": null,
            "secondary_location": "southindia",
            "secondary_queue_endpoint": null,
            "secondary_queue_host": null,
            "secondary_table_endpoint": null,
            "secondary_table_host": null,
            "secondary_web_endpoint": null,
            "secondary_web_host": null,
            "share_properties": [
              {
                "cors_rule": [],
                "retention_policy": [
                  {
                    "days": 7
                  }
                ],
                "smb": []
              }
            ],
            "shared_access_key_enabled": true,
            "static_website": [],
            "table_encryption_key_type": "Service",
            "tags": {},
            "timeouts": null
          },
          "sensitive_attributes": [],
          "private": "eyJlMmJmYjczMC1lY2FhLTExZTYtOGY4OC0zNDM2M2JjN2M0YzAiOnsiY3JlYXRlIjozNjAwMDAwMDAwMDAwLCJkZWxldGUiOjM2MDAwMDAwMDAwMDAsInJlYWQiOjMwMDAwMDAwMDAwMCwidXBkYXRlIjozNjAwMDAwMDAwMDAwfSwic2NoZW1hX3ZlcnNpb24iOiIyIn0=",
          "dependencies": [
            "azurerm_resource_group.gurpreet_rg"
          ]
        }
      ]
    },
    {
      "module": "module.demo",
      "mode": "managed",
      "type": "azurerm_app_service_plan",
      "name": "service_planpreet",
      "provider": "provider[\"registry.terraform.io/hashicorp/azurerm\"]",
      "instances": [
        {
          "schema_version": 0,
          "attributes": {
            "app_service_environment_id": "",
            "id": "/subscriptions/726da2c2-c9f6-4895-9ae7-5be42c6e0bc6/resourceGroups/gurpreet_rg/providers/Microsoft.Web/serverfarms/azure-functions-test-service-plan",
            "is_xenon": false,
            "kind": "Windows",
            "location": "centralindia",
            "maximum_elastic_worker_count": 1,
            "maximum_number_of_workers": 10,
            "name": "azure-functions-test-service-plan",
            "per_site_scaling": false,
            "reserved": false,
            "resource_group_name": "gurpreet_rg",
            "sku": [
              {
                "capacity": 1,
                "size": "S1",
                "tier": "Standard"
              }
            ],
            "tags": {},
            "timeouts": null,
            "zone_redundant": false
          },
          "sensitive_attributes": [],
          "private": "eyJlMmJmYjczMC1lY2FhLTExZTYtOGY4OC0zNDM2M2JjN2M0YzAiOnsiY3JlYXRlIjozNjAwMDAwMDAwMDAwLCJkZWxldGUiOjM2MDAwMDAwMDAwMDAsInJlYWQiOjMwMDAwMDAwMDAwMCwidXBkYXRlIjozNjAwMDAwMDAwMDAwfX0=",
          "dependencies": [
            "azurerm_resource_group.gurpreet_rg"
          ]
        }
      ]
    }
  ]
}
